
Microsoft Visual Studio Solution File, Format Version 12.00
# Visual Studio Version 17
VisualStudioVersion = 17.6.33829.357
MinimumVisualStudioVersion = 10.0.40219.1
Project("{9A19103F-16F7-4668-BE54-9A1E7A4F7556}") = "ToDo.Client", "ToDo.Client\ToDo.Client.csproj", "{7506AD4F-3849-4E56-A175-2C707CA86757}"
EndProject
Project("{9A19103F-16F7-4668-BE54-9A1E7A4F7556}") = "ToDo.Shared", "ToDo.Shared\ToDo.Shared.csproj", "{FD33967C-EE72-4DEE-AAC0-EA97ED5A8F6C}"
EndProject
Global
	GlobalSection(SolutionConfigurationPlatforms) = preSolution
		Debug|Any CPU = Debug|Any CPU
		Release|Any CPU = Release|Any CPU
	EndGlobalSection
	GlobalSection(ProjectConfigurationPlatforms) = postSolution
		{7506AD4F-3849-4E56-A175-2C707CA86757}.Debug|Any CPU.ActiveCfg = Debug|Any CPU
		{7506AD4F-3849-4E56-A175-2C707CA86757}.Debug|Any CPU.Build.0 = Debug|Any CPU
		{7506AD4F-3849-4E56-A175-2C707CA86757}.Release|Any CPU.ActiveCfg = Release|Any CPU
		{7506AD4F-3849-4E56-A175-2C707CA86757}.Release|Any CPU.Build.0 = Release|Any CPU
		{FD33967C-EE72-4DEE-AAC0-EA97ED5A8F6C}.Debug|Any CPU.ActiveCfg = Debug|Any CPU
		{FD33967C-EE72-4DEE-AAC0-EA97ED5A8F6C}.Debug|Any CPU.Build.0 = Debug|Any CPU
		{FD33967C-EE72-4DEE-AAC0-EA97ED5A8F6C}.Release|Any CPU.ActiveCfg = Release|Any CPU
		{FD33967C-EE72-4DEE-AAC0-EA97ED5A8F6C}.Release|Any CPU.Build.0 = Release|Any CPU
	EndGlobalSection
	GlobalSection(SolutionProperties) = preSolution
		HideSolutionNode = FALSE
	EndGlobalSection
	GlobalSection(ExtensibilityGlobals) = postSolution
		SolutionGuid = {5FFA60C8-983F-415D-820A-322EBB7B388D}
	EndGlobalSection
EndGlobal
